// !$*UTF8*$!
{
	archiveVersion = 1;
	classes = {
	};
	objectVersion = 46;
	objects = {

/* Begin PBXBuildFile section */
		3D63EFDF1B40AE1D00FCB43C /* main.m in Sources */ = {isa = PBXBuildFile; fileRef = 3D63EFDE1B40AE1D00FCB43C /* main.m */; };
		3D63EFE21B40AE1D00FCB43C /* AppDelegate.m in Sources */ = {isa = PBXBuildFile; fileRef = 3D63EFE11B40AE1D00FCB43C /* AppDelegate.m */; };
		3D63EFE51B40AE1D00FCB43C /* ViewController.m in Sources */ = {isa = PBXBuildFile; fileRef = 3D63EFE41B40AE1D00FCB43C /* ViewController.m */; };
		3D63EFE81B40AE1D00FCB43C /* Main.storyboard in Resources */ = {isa = PBXBuildFile; fileRef = 3D63EFE61B40AE1D00FCB43C /* Main.storyboard */; };
		3D63EFEA1B40AE1D00FCB43C /* Images.xcassets in Resources */ = {isa = PBXBuildFile; fileRef = 3D63EFE91B40AE1D00FCB43C /* Images.xcassets */; };
		3D63EFED1B40AE1D00FCB43C /* LaunchScreen.xib in Resources */ = {isa = PBXBuildFile; fileRef = 3D63EFEB1B40AE1D00FCB43C /* LaunchScreen.xib */; };
		3D63EFF91B40AE1D00FCB43C /* DMCircleCounterTests.m in Sources */ = {isa = PBXBuildFile; fileRef = 3D63EFF81B40AE1D00FCB43C /* DMCircleCounterTests.m */; };
/* End PBXBuildFile section */

/* Begin PBXContainerItemProxy section */
		3D63EFF31B40AE1D00FCB43C /* PBXContainerItemProxy */ = {
			isa = PBXContainerItemProxy;
			containerPortal = 3D63EFD11B40AE1D00FCB43C /* Project object */;
			proxyType = 1;
			remoteGlobalIDString = 3D63EFD81B40AE1D00FCB43C;
			remoteInfo = DMCircleCounter;
		};
/* End PBXContainerItemProxy section */

/* Begin PBXFileReference section */
		3D63EFD91B40AE1D00FCB43C /* DMCircleCounter.app */ = {isa = PBXFileReference; explicitFileType = wrapper.application; includeInIndex = 0; path = DMCircleCounter.app; sourceTree = BUILT_PRODUCTS_DIR; };
		3D63EFDD1B40AE1D00FCB43C /* Info.plist */ = {isa = PBXFileReference; lastKnownFileType = text.plist.xml; path = Info.plist; sourceTree = "<group>"; };
		3D63EFDE1B40AE1D00FCB43C /* main.m */ = {isa = PBXFileReference; lastKnownFileType = sourcecode.c.objc; path = main.m; sourceTree = "<group>"; };
		3D63EFE01B40AE1D00FCB43C /* AppDelegate.h */ = {isa = PBXFileReference; lastKnownFileType = sourcecode.c.h; path = AppDelegate.h; sourceTree = "<group>"; };
		3D63EFE11B40AE1D00FCB43C /* AppDelegate.m */ = {isa = PBXFileReference; lastKnownFileType = sourcecode.c.objc; path = AppDelegate.m; sourceTree = "<group>"; };
		3D63EFE31B40AE1D00FCB43C /* ViewController.h */ = {isa = PBXFileReference; lastKnownFileType = sourcecode.c.h; path = ViewController.h; sourceTree = "<group>"; };
		3D63EFE41B40AE1D00FCB43C /* ViewController.m */ = {isa = PBXFileReference; lastKnownFileType = sourcecode.c.objc; path = ViewController.m; sourceTree = "<group>"; };
		3D63EFE71B40AE1D00FCB43C /* Base */ = {isa = PBXFileReference; lastKnownFileType = file.storyboard; name = Base; path = Base.lproj/Main.storyboard; sourceTree = "<group>"; };
		3D63EFE91B40AE1D00FCB43C /* Images.xcassets */ = {isa = PBXFileReference; lastKnownFileType = folder.assetcatalog; path = Images.xcassets; sourceTree = "<group>"; };
		3D63EFEC1B40AE1D00FCB43C /* Base */ = {isa = PBXFileReference; lastKnownFileType = file.xib; name = Base; path = Base.lproj/LaunchScreen.xib; sourceTree = "<group>"; };
		3D63EFF21B40AE1D00FCB43C /* DMCircleCounterTests.xctest */ = {isa = PBXFileReference; explicitFileType = wrapper.cfbundle; includeInIndex = 0; path = DMCircleCounterTests.xctest; sourceTree = BUILT_PRODUCTS_DIR; };
		3D63EFF71B40AE1D00FCB43C /* Info.plist */ = {isa = PBXFileReference; lastKnownFileType = text.plist.xml; path = Info.plist; sourceTree = "<group>"; };
		3D63EFF81B40AE1D00FCB43C /* DMCircleCounterTests.m */ = {isa = PBXFileReference; lastKnownFileType = sourcecode.c.objc; path = DMCircleCounterTests.m; sourceTree = "<group>"; };
/* End PBXFileReference section */

/* Begin PBXFrameworksBuildPhase section */
		3D63EFD61B40AE1D00FCB43C /* Frameworks */ = {
			isa = PBXFrameworksBuildPhase;
			buildActionMask = 2147483647;
			files = (
			);
			runOnlyForDeploymentPostprocessing = 0;
		};
		3D63EFEF1B40AE1D00FCB43C /* Frameworks */ = {
			isa = PBXFrameworksBuildPhase;
			buildActionMask = 2147483647;
			files = (
			);
			runOnlyForDeploymentPostprocessing = 0;
		};
/* End PBXFrameworksBuildPhase section */

/* Begin PBXGroup section */
		3D63EFD01B40AE1D00FCB43C = {
			isa = PBXGroup;
			children = (
				3D63EFDB1B40AE1D00FCB43C /* DMCircleCounter */,
				3D63EFF51B40AE1D00FCB43C /* DMCircleCounterTests */,
				3D63EFDA1B40AE1D00FCB43C /* Products */,
			);
			sourceTree = "<group>";
		};
		3D63EFDA1B40AE1D00FCB43C /* Products */ = {
			isa = PBXGroup;
			children = (
				3D63EFD91B40AE1D00FCB43C /* DMCircleCounter.app */,
				3D63EFF21B40AE1D00FCB43C /* DMCircleCounterTests.xctest */,
			);
			name = Products;
			sourceTree = "<group>";
		};
		3D63EFDB1B40AE1D00FCB43C /* DMCircleCounter */ = {
			isa = PBXGroup;
			children = (
				3D63EFE01B40AE1D00FCB43C /* AppDelegate.h */,
				3D63EFE11B40AE1D00FCB43C /* AppDelegate.m */,
				3D63EFE31B40AE1D00FCB43C /* ViewController.h */,
				3D63EFE41B40AE1D00FCB43C /* ViewController.m */,
				3D63EFE61B40AE1D00FCB43C /* Main.storyboard */,
				3D63EFE91B40AE1D00FCB43C /* Images.xcassets */,
				3D63EFEB1B40AE1D00FCB43C /* LaunchScreen.xib */,
				3D63EFDC1B40AE1D00FCB43C /* Supporting Files */,
			);
			path = DMCircleCounter;
			sourceTree = "<group>";
		};
		3D63EFDC1B40AE1D00FCB43C /* Supporting Files */ = {
			isa = PBXGroup;
			children = (
				3D63EFDD1B40AE1D00FCB43C /* Info.plist */,
				3D63EFDE1B40AE1D00FCB43C /* main.m */,
			);
			name = "Supporting Files";
			sourceTree = "<group>";
		};
		3D63EFF51B40AE1D00FCB43C /* DMCircleCounterTests */ = {
			isa = PBXGroup;
			children = (
				3D63EFF81B40AE1D00FCB43C /* DMCircleCounterTests.m */,
				3D63EFF61B40AE1D00FCB43C /* Supporting Files */,
			);
			path = DMCircleCounterTests;
			sourceTree = "<group>";
		};
		3D63EFF61B40AE1D00FCB43C /* Supporting Files */ = {
			isa = PBXGroup;
			children = (
				3D63EFF71B40AE1D00FCB43C /* Info.plist */,
			);
			name = "Supporting Files";
			sourceTree = "<group>";
		};
/* End PBXGroup section */

/* Begin PBXNativeTarget section */
		3D63EFD81B40AE1D00FCB43C /* DMCircleCounter */ = {
			isa = PBXNativeTarget;
			buildConfigurationList = 3D63EFFC1B40AE1D00FCB43C /* Build configuration list for PBXNativeTarget "DMCircleCounter" */;
			buildPhases = (
				3D63EFD51B40AE1D00FCB43C /* Sources */,
				3D63EFD61B40AE1D00FCB43C /* Frameworks */,
				3D63EFD71B40AE1D00FCB43C /* Resources */,
			);
			buildRules = (
			);
			dependencies = (
			);
			name = DMCircleCounter;
			productName = DMCircleCounter;
			productReference = 3D63EFD91B40AE1D00FCB43C /* DMCircleCounter.app */;
			productType = "com.apple.product-type.application";
		};
		3D63EFF11B40AE1D00FCB43C /* DMCircleCounterTests */ = {
			isa = PBXNativeTarget;
			buildConfigurationList = 3D63EFFF1B40AE1D00FCB43C /* Build configuration list for PBXNativeTarget "DMCircleCounterTests" */;
			buildPhases = (
				3D63EFEE1B40AE1D00FCB43C /* Sources */,
				3D63EFEF1B40AE1D00FCB43C /* Frameworks */,
				3D63EFF01B40AE1D00FCB43C /* Resources */,
			);
			buildRules = (
			);
			dependencies = (
				3D63EFF41B40AE1D00FCB43C /* PBXTargetDependency */,
			);
			name = DMCircleCounterTests;
			productName = DMCircleCounterTests;
			productReference = 3D63EFF21B40AE1D00FCB43C /* DMCircleCounterTests.xctest */;
			productType = "com.apple.product-type.bundle.unit-test";
		};
/* End PBXNativeTarget section */

/* Begin PBXProject section */
		3D63EFD11B40AE1D00FCB43C /* Project object */ = {
			isa = PBXProject;
			attributes = {
				LastUpgradeCheck = 0630;
				ORGANIZATIONNAME = AhmedHamdy;
				TargetAttributes = {
					3D63EFD81B40AE1D00FCB43C = {
						CreatedOnToolsVersion = 6.3.1;
					};
					3D63EFF11B40AE1D00FCB43C = {
						CreatedOnToolsVersion = 6.3.1;
						TestTargetID = 3D63EFD81B40AE1D00FCB43C;
					};
				};
			};
			buildConfigurationList = 3D63EFD41B40AE1D00FCB43C /* Build configuration list for PBXProject "DMCircleCounter" */;
			compatibilityVersion = "Xcode 3.2";
			developmentRegion = English;
			hasScannedForEncodings = 0;
			knownRegions = (
				en,
				Base,
			);
			mainGroup = 3D63EFD01B40AE1D00FCB43C;
			productRefGroup = 3D63EFDA1B40AE1D00FCB43C /* Products */;
			projectDirPath = "";
			projectRoot = "";
			targets = (
				3D63EFD81B40AE1D00FCB43C /* DMCircleCounter */,
				3D63EFF11B40AE1D00FCB43C /* DMCircleCounterTests */,
			);
		};
/* End PBXProject section */

/* Begin PBXResourcesBuildPhase section */
		3D63EFD71B40AE1D00FCB43C /* Resources */ = {
			isa = PBXResourcesBuildPhase;
			buildActionMask = 2147483647;
			files = (
				3D63EFE81B40AE1D00FCB43C /* Main.storyboard in Resources */,
				3D63EFED1B40AE1D00FCB43C /* LaunchScreen.xib in Resources */,
				3D63EFEA1B40AE1D00FCB43C /* Images.xcassets in Resources */,
			);
			runOnlyForDeploymentPostprocessing = 0;
		};
		3D63EFF01B40AE1D00FCB43C /* Resources */ = {
			isa = PBXResourcesBuildPhase;
			buildActionMask = 2147483647;
			files = (
			);
			runOnlyForDeploymentPostprocessing = 0;
		};
/* End PBXResourcesBuildPhase section */

/* Begin PBXSourcesBuildPhase section */
		3D63EFD51B40AE1D00FCB43C /* Sources */ = {
			isa = PBXSourcesBuildPhase;
			buildActionMask = 2147483647;
			files = (
				3D63EFE51B40AE1D00FCB43C /* ViewController.m in Sources */,
				3D63EFE21B40AE1D00FCB43C /* AppDelegate.m in Sources */,
				3D63EFDF1B40AE1D00FCB43C /* main.m in Sources */,
			);
			runOnlyForDeploymentPostprocessing = 0;
		};
		3D63EFEE1B40AE1D00FCB43C /* Sources */ = {
			isa = PBXSourcesBuildPhase;
			buildActionMask = 2147483647;
			files = (
				3D63EFF91B40AE1D00FCB43C /* DMCircleCounterTests.m in Sources */,
			);
			runOnlyForDeploymentPostprocessing = 0;
		};
/* End PBXSourcesBuildPhase section */

/* Begin PBXTargetDependency section */
		3D63EFF41B40AE1D00FCB43C /* PBXTargetDependency */ = {
			isa = PBXTargetDependency;
			target = 3D63EFD81B40AE1D00FCB43C /* DMCircleCounter */;
			targetProxy = 3D63EFF31B40AE1D00FCB43C /* PBXContainerItemProxy */;
		};
/* End PBXTargetDependency section */

/* Begin PBXVariantGroup section */
		3D63EFE61B40AE1D00FCB43C /* Main.storyboard */ = {
			isa = PBXVariantGroup;
			children = (
				3D63EFE71B40AE1D00FCB43C /* Base */,
			);
			name = Main.storyboard;
			sourceTree = "<group>";
		};
		3D63EFEB1B40AE1D00FCB43C /* LaunchScreen.xib */ = {
			isa = PBXVariantGroup;
			children = (
				3D63EFEC1B40AE1D00FCB43C /* Base */,
			);
			name = LaunchScreen.xib;
			sourceTree = "<group>";
		};
/* End PBXVariantGroup section */

/* Begin XCBuildConfiguration section */
		3D63EFFA1B40AE1D00FCB43C /* Debug */ = {
			isa = XCBuildConfiguration;
			buildSettings = {
				ALWAYS_SEARCH_USER_PATHS = NO;
				CLANG_CXX_LANGUAGE_STANDARD = "gnu++0x";
				CLANG_CXX_LIBRARY = "libc++";
				CLANG_ENABLE_MODULES = YES;
				CLANG_ENABLE_OBJC_ARC = YES;
				CLANG_WARN_BOOL_CONVERSION = YES;
				CLANG_WARN_CONSTANT_CONVERSION = YES;
				CLANG_WARN_DIRECT_OBJC_ISA_USAGE = YES_ERROR;
				CLANG_WARN_EMPTY_BODY = YES;
				CLANG_WARN_ENUM_CONVERSION = YES;
				CLANG_WARN_INT_CONVERSION = YES;
				CLANG_WARN_OBJC_ROOT_CLASS = YES_ERROR;
				CLANG_WARN_UNREACHABLE_CODE = YES;
				CLANG_WARN__DUPLICATE_METHOD_MATCH = YES;
				"CODE_SIGN_IDENTITY[sdk=iphoneos*]" = "iPhone Developer";
				COPY_PHASE_STRIP = NO;
				DEBUG_INFORMATION_FORMAT = "dwarf-with-dsym";
				ENABLE_STRICT_OBJC_MSGSEND = YES;
				GCC_C_LANGUAGE_STANDARD = gnu99;
				GCC_DYNAMIC_NO_PIC = NO;
				GCC_NO_COMMON_BLOCKS = YES;
				GCC_OPTIMIZATION_LEVEL = 0;
				GCC_PREPROCESSOR_DEFINITIONS = (
					"DEBUG=1",
					"$(inherited)",
				);
				GCC_SYMBOLS_PRIVATE_EXTERN = NO;
				GCC_WARN_64_TO_32_BIT_CONVERSION = YES;
				GCC_WARN_ABOUT_RETURN_TYPE = YES_ERROR;
				GCC_WARN_UNDECLARED_SELECTOR = YES;
				GCC_WARN_UNINITIALIZED_AUTOS = YES_AGGRESSIVE;
				GCC_WARN_UNUSED_FUNCTION = YES;
				GCC_WARN_UNUSED_VARIABLE = YES;
				IPHONEOS_DEPLOYMENT_TARGET = 8.3;
				MTL_ENABLE_DEBUG_INFO = YES;
				ONLY_ACTIVE_ARCH = YES;
				SDKROOT = iphoneos;
			};
			name = Debug;
		};
		3D63EFFB1B40AE1D00FCB43C /* Release */ = {
			isa = XCBuildConfiguration;
			buildSettings = {
				ALWAYS_SEARCH_USER_PATHS = NO;
				CLANG_CXX_LANGUAGE_STANDARD = "gnu++0x";
				CLANG_CXX_LIBRARY = "libc++";
				CLANG_ENABLE_MODULES = YES;
				CLANG_ENABLE_OBJC_ARC = YES;
				CLANG_WARN_BOOL_CONVERSION = YES;
				CLANG_WARN_CONSTANT_CONVERSION = YES;
				CLANG_WARN_DIRECT_OBJC_ISA_USAGE = YES_ERROR;
				CLANG_WARN_EMPTY_BODY = YES;
				CLANG_WARN_ENUM_CONVERSION = YES;
				CLANG_WARN_INT_CONVERSION = YES;
				CLANG_WARN_OBJC_ROOT_CLASS = YES_ERROR;
				CLANG_WARN_UNREACHABLE_CODE = YES;
				CLANG_WARN__DUPLICATE_METHOD_MATCH = YES;
				"CODE_SIGN_IDENTITY[sdk=iphoneos*]" = "iPhone Developer";
				COPY_PHASE_STRIP = NO;
				DEBUG_INFORMATION_FORMAT = "dwarf-with-dsym";
				ENABLE_NS_ASSERTIONS = NO;
				ENABLE_STRICT_OBJC_MSGSEND = YES;
				GCC_C_LANGUAGE_STANDARD = gnu99;
				GCC_NO_COMMON_BLOCKS = YES;
				GCC_WARN_64_TO_32_BIT_CONVERSION = YES;
				GCC_WARN_ABOUT_RETURN_TYPE = YES_ERROR;
				GCC_WARN_UNDECLARED_SELECTOR = YES;
				GCC_WARN_UNINITIALIZED_AUTOS = YES_AGGRESSIVE;
				GCC_WARN_UNUSED_FUNCTION = YES;
				GCC_WARN_UNUSED_VARIABLE = YES;
				IPHONEOS_DEPLOYMENT_TARGET = 8.3;
				MTL_ENABLE_DEBUG_INFO = NO;
				SDKROOT = iphoneos;
				VALIDATE_PRODUCT = YES;
			};
			name = Release;
		};
		3D63EFFD1B40AE1D00FCB43C /* Debug */ = {
			isa = XCBuildConfiguration;
			buildSettings = {
				ASSETCATALOG_COMPILER_APPICON_NAME = AppIcon;
				INFOPLIST_FILE = DMCircleCounter/Info.plist;
				LD_RUNPATH_SEARCH_PATHS = "$(inherited) @executable_path/Frameworks";
				PRODUCT_NAME = "$(TARGET_NAME)";
			};
			name = Debug;
		};
		3D63EFFE1B40AE1D00FCB43C /* Release */ = {
			isa = XCBuildConfiguration;
			buildSettings = {
				ASSETCATALOG_COMPILER_APPICON_NAME = AppIcon;
				INFOPLIST_FILE = DMCircleCounter/Info.plist;
				LD_RUNPATH_SEARCH_PATHS = "$(inherited) @executable_path/Frameworks";
				PRODUCT_NAME = "$(TARGET_NAME)";
			};
			name = Release;
		};
		3D63F0001B40AE1D00FCB43C /* Debug */ = {
			isa = XCBuildConfiguration;
			buildSettings = {
				BUNDLE_LOADER = "$(TEST_HOST)";
				FRAMEWORK_SEARCH_PATHS = (
					"$(SDKROOT)/Developer/Library/Frameworks",
					"$(inherited)",
				);
				GCC_PREPROCESSOR_DEFINITIONS = (
					"DEBUG=1",
					"$(inherited)",
				);
				INFOPLIST_FILE = DMCircleCounterTests/Info.plist;
				LD_RUNPATH_SEARCH_PATHS = "$(inherited) @executable_path/Frameworks @loader_path/Frameworks";
				PRODUCT_NAME = "$(TARGET_NAME)";
				TEST_HOST = "$(BUILT_PRODUCTS_DIR)/DMCircleCounter.app/DMCircleCounter";
			};
			name = Debug;
		};
		3D63F0011B40AE1D00FCB43C /* Release */ = {
			isa = XCBuildConfiguration;
			buildSettings = {
				BUNDLE_LOADER = "$(TEST_HOST)";
				FRAMEWORK_SEARCH_PATHS = (
					"$(SDKROOT)/Developer/Library/Frameworks",
					"$(inherited)",
				);
				INFOPLIST_FILE = DMCircleCounterTests/Info.plist;
				LD_RUNPATH_SEARCH_PATHS = "$(inherited) @executable_path/Frameworks @loader_path/Frameworks";
				PRODUCT_NAME = "$(TARGET_NAME)";
				TEST_HOST = "$(BUILT_PRODUCTS_DIR)/DMCircleCounter.app/DMCircleCounter";
			};
			name = Release;
		};
/* End XCBuildConfiguration section */

/* Begin XCConfigurationList section */
		3D63EFD41B40AE1D00FCB43C /* Build configuration list for PBXProject "DMCircleCounter" */ = {
			isa = XCConfigurationList;
			buildConfigurations = (
				3D63EFFA1B40AE1D00FCB43C /* Debug */,
				3D63EFFB1B40AE1D00FCB43C /* Release */,
			);
			defaultConfigurationIsVisible = 0;
			defaultConfigurationName = Release;
		};
		3D63EFFC1B40AE1D00FCB43C /* Build configuration list for PBXNativeTarget "DMCircleCounter" */ = {
			isa = XCConfigurationList;
			buildConfigurations = (
				3D63EFFD1B40AE1D00FCB43C /* Debug */,
				3D63EFFE1B40AE1D00FCB43C /* Release */,
			);
			defaultConfigurationIsVisible = 0;
		};
		3D63EFFF1B40AE1D00FCB43C /* Build configuration list for PBXNativeTarget "DMCircleCounterTests" */ = {
			isa = XCConfigurationList;
			buildConfigurations = (
				3D63F0001B40AE1D00FCB43C /* Debug */,
				3D63F0011B40AE1D00FCB43C /* Release */,
			);
			defaultConfigurationIsVisible = 0;
		};
/* End XCConfigurationList section */
	};
	rootObject = 3D63EFD11B40AE1D00FCB43C /* Project object */;
}
